
Microsoft Visual Studio Solution File, Format Version 12.00
# Visual Studio Version 17
VisualStudioVersion = 17.2.32516.85
MinimumVisualStudioVersion = 10.0.40219.1
Project("{FAE04EC0-301F-11D3-BF4B-00C04F79EFBC}") = "PAW comert", "PAW comert\PAW comert.csproj", "{FE9C0CD2-396E-42BD-AA71-9D49067A402C}"
EndProject
Global
	GlobalSection(SolutionConfigurationPlatforms) = preSolution
		Debug|Any CPU = Debug|Any CPU
		Release|Any CPU = Release|Any CPU
	EndGlobalSection
	GlobalSection(ProjectConfigurationPlatforms) = postSolution
		{FE9C0CD2-396E-42BD-AA71-9D49067A402C}.Debug|Any CPU.ActiveCfg = Debug|Any CPU
		{FE9C0CD2-396E-42BD-AA71-9D49067A402C}.Debug|Any CPU.Build.0 = Debug|Any CPU
		{FE9C0CD2-396E-42BD-AA71-9D49067A402C}.Release|Any CPU.ActiveCfg = Release|Any CPU
		{FE9C0CD2-396E-42BD-AA71-9D49067A402C}.Release|Any CPU.Build.0 = Release|Any CPU
	EndGlobalSection
	GlobalSection(SolutionProperties) = preSolution
		HideSolutionNode = FALSE
	EndGlobalSection
	GlobalSection(ExtensibilityGlobals) = postSolution
		SolutionGuid = {D23B4891-CF47-4969-8767-30219E4D9C6D}
	EndGlobalSection
EndGlobal
